
Microsoft Visual Studio Solution File, Format Version 12.00
# Visual Studio Version 17
VisualStudioVersion = 17.9.34622.214
MinimumVisualStudioVersion = 10.0.40219.1
Project("{FAE04EC0-301F-11D3-BF4B-00C04F79EFBC}") = "SimpleCRUD", "SimpleCRUD.csproj", "{3D00A5EC-8E03-403B-9717-86A9A0D02FAE}"
EndProject
Global
	GlobalSection(SolutionConfigurationPlatforms) = preSolution
		Debug|Any CPU = Debug|Any CPU
		Release|Any CPU = Release|Any CPU
	EndGlobalSection
	GlobalSection(ProjectConfigurationPlatforms) = postSolution
		{3D00A5EC-8E03-403B-9717-86A9A0D02FAE}.Debug|Any CPU.ActiveCfg = Debug|Any CPU
		{3D00A5EC-8E03-403B-9717-86A9A0D02FAE}.Debug|Any CPU.Build.0 = Debug|Any CPU
		{3D00A5EC-8E03-403B-9717-86A9A0D02FAE}.Release|Any CPU.ActiveCfg = Release|Any CPU
		{3D00A5EC-8E03-403B-9717-86A9A0D02FAE}.Release|Any CPU.Build.0 = Release|Any CPU
	EndGlobalSection
	GlobalSection(SolutionProperties) = preSolution
		HideSolutionNode = FALSE
	EndGlobalSection
	GlobalSection(ExtensibilityGlobals) = postSolution
		SolutionGuid = {359F716A-983D-497B-8968-33AD38E69CCD}
	EndGlobalSection
EndGlobal
